Microsoft Visual Studio Solution File, Format Version 12.00
# Visual Studio Version 17
VisualStudioVersion = 17.8.34112.27
MinimumVisualStudioVersion = 10.0.40219.1
Project("{9A19103F-16F7-4668-BE54-9A1E7A4F7556}") = "ConvertDelphiToCSharp", "ConvertDelphiToCSharp.csproj", "{E31E825A-C936-4003-AE41-0ED46DF15FD0}"
EndProject
Global
	GlobalSection(SolutionConfigurationPlatforms) = preSolution
		Debug|Any CPU = Debug|Any CPU
		Release|Any CPU = Release|Any CPU
	EndGlobalSection
	GlobalSection(ProjectConfigurationPlatforms) = postSolution
		{E31E825A-C936-4003-AE41-0ED46DF15FD0}.Debug|Any CPU.ActiveCfg = Debug|Any CPU
		{E31E825A-C936-4003-AE41-0ED46DF15FD0}.Debug|Any CPU.Build.0 = Debug|Any CPU
		{E31E825A-C936-4003-AE41-0ED46DF15FD0}.Release|Any CPU.ActiveCfg = Release|Any CPU
		{E31E825A-C936-4003-AE41-0ED46DF15FD0}.Release|Any CPU.Build.0 = Release|Any CPU
	EndGlobalSection
	GlobalSection(SolutionProperties) = preSolution
		HideSolutionNode = FALSE
	EndGlobalSection
	GlobalSection(ExtensibilityGlobals) = postSolution
		SolutionGuid = {57637202-27BF-4387-B25C-6A545A77247B}
	EndGlobalSection
EndGlobal
